
Microsoft Visual Studio Solution File, Format Version 12.00
# Visual Studio Version 17
VisualStudioVersion = 17.7.34202.233
MinimumVisualStudioVersion = 10.0.40219.1
Project("{FAE04EC0-301F-11D3-BF4B-00C04F79EFBC}") = "RestEx", "RestEx\RestEx.csproj", "{6706495D-ED70-449F-8228-EBA7499EB385}"
EndProject
Project("{FAE04EC0-301F-11D3-BF4B-00C04F79EFBC}") = "Assignments", "Assignments\Assignments.csproj", "{E3695F86-1422-497C-A9BE-6FD1B8CF9538}"
EndProject
Project("{FAE04EC0-301F-11D3-BF4B-00C04F79EFBC}") = "RestExNUnit", "RestExNUnit\RestExNUnit.csproj", "{7263913F-AF8E-4AC1-A646-E5629FC7CAFE}"
EndProject
Project("{FAE04EC0-301F-11D3-BF4B-00C04F79EFBC}") = "AssignmentNUnit", "AssignmentNUnit\AssignmentNUnit.csproj", "{DDB6E45B-A1D6-494C-AEA6-F34CD03FE4A6}"
EndProject
Project("{FAE04EC0-301F-11D3-BF4B-00C04F79EFBC}") = "CaseStudy", "CaseStudy\CaseStudy.csproj", "{8EF35D2A-CE3E-4826-BC68-EE2E1B3421A5}"
EndProject
Global
	GlobalSection(SolutionConfigurationPlatforms) = preSolution
		Debug|Any CPU = Debug|Any CPU
		Release|Any CPU = Release|Any CPU
	EndGlobalSection
	GlobalSection(ProjectConfigurationPlatforms) = postSolution
		{6706495D-ED70-449F-8228-EBA7499EB385}.Debug|Any CPU.ActiveCfg = Debug|Any CPU
		{6706495D-ED70-449F-8228-EBA7499EB385}.Debug|Any CPU.Build.0 = Debug|Any CPU
		{6706495D-ED70-449F-8228-EBA7499EB385}.Release|Any CPU.ActiveCfg = Release|Any CPU
		{6706495D-ED70-449F-8228-EBA7499EB385}.Release|Any CPU.Build.0 = Release|Any CPU
		{E3695F86-1422-497C-A9BE-6FD1B8CF9538}.Debug|Any CPU.ActiveCfg = Debug|Any CPU
		{E3695F86-1422-497C-A9BE-6FD1B8CF9538}.Debug|Any CPU.Build.0 = Debug|Any CPU
		{E3695F86-1422-497C-A9BE-6FD1B8CF9538}.Release|Any CPU.ActiveCfg = Release|Any CPU
		{E3695F86-1422-497C-A9BE-6FD1B8CF9538}.Release|Any CPU.Build.0 = Release|Any CPU
		{7263913F-AF8E-4AC1-A646-E5629FC7CAFE}.Debug|Any CPU.ActiveCfg = Debug|Any CPU
		{7263913F-AF8E-4AC1-A646-E5629FC7CAFE}.Debug|Any CPU.Build.0 = Debug|Any CPU
		{7263913F-AF8E-4AC1-A646-E5629FC7CAFE}.Release|Any CPU.ActiveCfg = Release|Any CPU
		{7263913F-AF8E-4AC1-A646-E5629FC7CAFE}.Release|Any CPU.Build.0 = Release|Any CPU
		{DDB6E45B-A1D6-494C-AEA6-F34CD03FE4A6}.Debug|Any CPU.ActiveCfg = Debug|Any CPU
		{DDB6E45B-A1D6-494C-AEA6-F34CD03FE4A6}.Debug|Any CPU.Build.0 = Debug|Any CPU
		{DDB6E45B-A1D6-494C-AEA6-F34CD03FE4A6}.Release|Any CPU.ActiveCfg = Release|Any CPU
		{DDB6E45B-A1D6-494C-AEA6-F34CD03FE4A6}.Release|Any CPU.Build.0 = Release|Any CPU
		{8EF35D2A-CE3E-4826-BC68-EE2E1B3421A5}.Debug|Any CPU.ActiveCfg = Debug|Any CPU
		{8EF35D2A-CE3E-4826-BC68-EE2E1B3421A5}.Debug|Any CPU.Build.0 = Debug|Any CPU
		{8EF35D2A-CE3E-4826-BC68-EE2E1B3421A5}.Release|Any CPU.ActiveCfg = Release|Any CPU
		{8EF35D2A-CE3E-4826-BC68-EE2E1B3421A5}.Release|Any CPU.Build.0 = Release|Any CPU
	EndGlobalSection
	GlobalSection(SolutionProperties) = preSolution
		HideSolutionNode = FALSE
	EndGlobalSection
	GlobalSection(ExtensibilityGlobals) = postSolution
		SolutionGuid = {E9A22999-BB93-48FF-962C-24B4A6DD4B88}
	EndGlobalSection
EndGlobal
